
Microsoft Visual Studio Solution File, Format Version 12.00
# Visual Studio 2012
Project("{E24C65DC-7377-472B-9ABA-BC803B73C61A}") = "Bootstrap3.0", ".", "{0AB390D4-ECAC-4F09-8513-200FFC853813}"
	ProjectSection(WebsiteProperties) = preProject
		TargetFrameworkMoniker = ".NETFramework,Version%3Dv4.0"
		Debug.AspNetCompiler.VirtualPath = "/Bootstrap3.0"
		Debug.AspNetCompiler.PhysicalPath = "..\Bootstrap3.0\"
		Debug.AspNetCompiler.TargetPath = "PrecompiledWeb\Bootstrap3.0\"
		Debug.AspNetCompiler.Updateable = "true"
		Debug.AspNetCompiler.ForceOverwrite = "true"
		Debug.AspNetCompiler.FixedNames = "false"
		Debug.AspNetCompiler.Debug = "True"
		Release.AspNetCompiler.VirtualPath = "/Bootstrap3.0"
		Release.AspNetCompiler.PhysicalPath = "..\Bootstrap3.0\"
		Release.AspNetCompiler.TargetPath = "PrecompiledWeb\Bootstrap3.0\"
		Release.AspNetCompiler.Updateable = "true"
		Release.AspNetCompiler.ForceOverwrite = "true"
		Release.AspNetCompiler.FixedNames = "false"
		Release.AspNetCompiler.Debug = "False"
		VWDPort = "10324"
	EndProjectSection
EndProject
Global
	GlobalSection(SolutionConfigurationPlatforms) = preSolution
		Debug|Any CPU = Debug|Any CPU
	EndGlobalSection
	GlobalSection(ProjectConfigurationPlatforms) = postSolution
		{0AB390D4-ECAC-4F09-8513-200FFC853813}.Debug|Any CPU.ActiveCfg = Debug|Any CPU
		{0AB390D4-ECAC-4F09-8513-200FFC853813}.Debug|Any CPU.Build.0 = Debug|Any CPU
	EndGlobalSection
	GlobalSection(SolutionProperties) = preSolution
		HideSolutionNode = FALSE
	EndGlobalSection
EndGlobal
